
Microsoft Visual Studio Solution File, Format Version 12.00
# Visual Studio Version 17
VisualStudioVersion = 17.10.35122.118
MinimumVisualStudioVersion = 10.0.40219.1
Project("{FAE04EC0-301F-11D3-BF4B-00C04F79EFBC}") = "myGITAPI", "myGITAPI.csproj", "{E8209AD8-4C72-4712-86B9-E57B6F2734EA}"
EndProject
Project("{2150E333-8FDC-42A3-9474-1A3956D46DE8}") = "NewFolder1", "NewFolder1", "{1F9F06C8-2EB6-4B0B-8E7D-F83E424DC7C5}"
EndProject
Global
	GlobalSection(SolutionConfigurationPlatforms) = preSolution
		Debug|Any CPU = Debug|Any CPU
		Release|Any CPU = Release|Any CPU
	EndGlobalSection
	GlobalSection(ProjectConfigurationPlatforms) = postSolution
		{E8209AD8-4C72-4712-86B9-E57B6F2734EA}.Debug|Any CPU.ActiveCfg = Debug|Any CPU
		{E8209AD8-4C72-4712-86B9-E57B6F2734EA}.Debug|Any CPU.Build.0 = Debug|Any CPU
		{E8209AD8-4C72-4712-86B9-E57B6F2734EA}.Release|Any CPU.ActiveCfg = Release|Any CPU
		{E8209AD8-4C72-4712-86B9-E57B6F2734EA}.Release|Any CPU.Build.0 = Release|Any CPU
	EndGlobalSection
	GlobalSection(SolutionProperties) = preSolution
		HideSolutionNode = FALSE
	EndGlobalSection
	GlobalSection(ExtensibilityGlobals) = postSolution
		SolutionGuid = {62611A2C-1ABA-47F7-BD40-211F3F91062E}
	EndGlobalSection
EndGlobal
